Microsoft Visual Studio Solution File, Format Version 10.00
# Visual Studio 2008
Project("{FAE04EC0-301F-11D3-BF4B-00C04F79EFBC}") = "DXAirways.Business", "DXAirways.Business\DXAirways.Business.csproj", "{95909D46-012A-4FC6-8F8D-49C647815A86}"
EndProject
Project("{FAE04EC0-301F-11D3-BF4B-00C04F79EFBC}") = "DXAirways.PublicWeb", "DXAirways.PublicWeb\DXAirways.PublicWeb.csproj", "{5704CDEE-F888-4E5A-A67E-CF183CCA0948}"
EndProject
Project("{FAE04EC0-301F-11D3-BF4B-00C04F79EFBC}") = "DXAirways.Admin", "DXAirways.Admin\DXAirways.Admin.csproj", "{28EA1423-A04A-49EF-91AD-7D024AC4119F}"
EndProject
Project("{FAE04EC0-301F-11D3-BF4B-00C04F79EFBC}") = "DXAirways.Test", "DXAirways.Test\DXAirways.Test.csproj", "{2B9D565A-BBD0-4399-BF50-2F78A5534AA6}"
EndProject
Project("{2150E333-8FDC-42A3-9474-1A3956D46DE8}") = "Solution Items", "Solution Items", "{F6D9C781-3AB6-4482-A281-0F2E8A66A92C}"
	ProjectSection(SolutionItems) = preProject
		DX Airways.vsmdi = DX Airways.vsmdi
		LocalTestRun.testrunconfig = LocalTestRun.testrunconfig
	EndProjectSection
EndProject
Project("{FAE04EC0-301F-11D3-BF4B-00C04F79EFBC}") = "DXAirways.UnmannedConsole", "DXAirways.UnmannedConsole\DXAirways.UnmannedConsole.csproj", "{9EDCA64E-ED0E-4226-8C58-839E186E512D}"
EndProject
Project("{FAE04EC0-301F-11D3-BF4B-00C04F79EFBC}") = "DXAirways.WebControls", "DXAirways.WebControls\DXAirways.WebControls.csproj", "{59B0EFBF-B51A-4A7B-BA38-CFB865E4900B}"
EndProject
Global
	GlobalSection(TestCaseManagementSettings) = postSolution
		CategoryFile = DX Airways.vsmdi
	EndGlobalSection
	GlobalSection(SolutionConfigurationPlatforms) = preSolution
		Debug|Any CPU = Debug|Any CPU
		Release|Any CPU = Release|Any CPU
	EndGlobalSection
	GlobalSection(ProjectConfigurationPlatforms) = postSolution
		{95909D46-012A-4FC6-8F8D-49C647815A86}.Debug|Any CPU.ActiveCfg = Debug|Any CPU
		{95909D46-012A-4FC6-8F8D-49C647815A86}.Debug|Any CPU.Build.0 = Debug|Any CPU
		{95909D46-012A-4FC6-8F8D-49C647815A86}.Release|Any CPU.ActiveCfg = Release|Any CPU
		{95909D46-012A-4FC6-8F8D-49C647815A86}.Release|Any CPU.Build.0 = Release|Any CPU
		{5704CDEE-F888-4E5A-A67E-CF183CCA0948}.Debug|Any CPU.ActiveCfg = Debug|Any CPU
		{5704CDEE-F888-4E5A-A67E-CF183CCA0948}.Debug|Any CPU.Build.0 = Debug|Any CPU
		{5704CDEE-F888-4E5A-A67E-CF183CCA0948}.Release|Any CPU.ActiveCfg = Release|Any CPU
		{5704CDEE-F888-4E5A-A67E-CF183CCA0948}.Release|Any CPU.Build.0 = Release|Any CPU
		{28EA1423-A04A-49EF-91AD-7D024AC4119F}.Debug|Any CPU.ActiveCfg = Debug|Any CPU
		{28EA1423-A04A-49EF-91AD-7D024AC4119F}.Debug|Any CPU.Build.0 = Debug|Any CPU
		{28EA1423-A04A-49EF-91AD-7D024AC4119F}.Release|Any CPU.ActiveCfg = Release|Any CPU
		{28EA1423-A04A-49EF-91AD-7D024AC4119F}.Release|Any CPU.Build.0 = Release|Any CPU
		{2B9D565A-BBD0-4399-BF50-2F78A5534AA6}.Debug|Any CPU.ActiveCfg = Debug|Any CPU
		{2B9D565A-BBD0-4399-BF50-2F78A5534AA6}.Debug|Any CPU.Build.0 = Debug|Any CPU
		{2B9D565A-BBD0-4399-BF50-2F78A5534AA6}.Release|Any CPU.ActiveCfg = Release|Any CPU
		{2B9D565A-BBD0-4399-BF50-2F78A5534AA6}.Release|Any CPU.Build.0 = Release|Any CPU
		{9EDCA64E-ED0E-4226-8C58-839E186E512D}.Debug|Any CPU.ActiveCfg = Debug|Any CPU
		{9EDCA64E-ED0E-4226-8C58-839E186E512D}.Debug|Any CPU.Build.0 = Debug|Any CPU
		{9EDCA64E-ED0E-4226-8C58-839E186E512D}.Release|Any CPU.ActiveCfg = Release|Any CPU
		{9EDCA64E-ED0E-4226-8C58-839E186E512D}.Release|Any CPU.Build.0 = Release|Any CPU
		{59B0EFBF-B51A-4A7B-BA38-CFB865E4900B}.Debug|Any CPU.ActiveCfg = Debug|Any CPU
		{59B0EFBF-B51A-4A7B-BA38-CFB865E4900B}.Debug|Any CPU.Build.0 = Debug|Any CPU
		{59B0EFBF-B51A-4A7B-BA38-CFB865E4900B}.Release|Any CPU.ActiveCfg = Release|Any CPU
		{59B0EFBF-B51A-4A7B-BA38-CFB865E4900B}.Release|Any CPU.Build.0 = Release|Any CPU
	EndGlobalSection
	GlobalSection(SolutionProperties) = preSolution
		HideSolutionNode = FALSE
	EndGlobalSection
EndGlobal
